// !$*UTF8*$!
{
	archiveVersion = 1;
	classes = {
	};
	objectVersion = 51;
	objects = {

/* Begin PBXBuildFile section */
		598B5DBC0A0C6D6C21A8AC01 /* Pods_JobOrderApp.framework in Frameworks */ = {isa = PBXBuildFile; fileRef = 8CE8019D3B7A1E2C14528A56 /* Pods_JobOrderApp.framework */; };
		7F3D92BA25D4C6C0002D3BE3 /* AppDelegate.swift in Sources */ = {isa = PBXBuildFile; fileRef = 7F3D92B925D4C6C0002D3BE3 /* AppDelegate.swift */; };
		7F3D92BC25D4C6C0002D3BE3 /* SceneDelegate.swift in Sources */ = {isa = PBXBuildFile; fileRef = 7F3D92BB25D4C6C0002D3BE3 /* SceneDelegate.swift */; };
		7F3D92C125D4C6C0002D3BE3 /* JobOrder.storyboard in Resources */ = {isa = PBXBuildFile; fileRef = 7F3D92BF25D4C6C0002D3BE3 /* JobOrder.storyboard */; };
		7F3D92C325D4C6C2002D3BE3 /* Assets.xcassets in Resources */ = {isa = PBXBuildFile; fileRef = 7F3D92C225D4C6C2002D3BE3 /* Assets.xcassets */; };
		7F3D92C625D4C6C2002D3BE3 /* LaunchScreen.storyboard in Resources */ = {isa = PBXBuildFile; fileRef = 7F3D92C425D4C6C2002D3BE3 /* LaunchScreen.storyboard */; };
		7F3D92D625D4C7DC002D3BE3 /* JobOrderViewController.swift in Sources */ = {isa = PBXBuildFile; fileRef = 7F3D92D425D4C7DC002D3BE3 /* JobOrderViewController.swift */; };
		7F3D92D725D4C7DC002D3BE3 /* JobOrderView.xib in Resources */ = {isa = PBXBuildFile; fileRef = 7F3D92D525D4C7DC002D3BE3 /* JobOrderView.xib */; };
		7F3D92DB25D4C816002D3BE3 /* JobOrderPresenter.swift in Sources */ = {isa = PBXBuildFile; fileRef = 7F3D92DA25D4C816002D3BE3 /* JobOrderPresenter.swift */; };
		7F3D92DE25D4C822002D3BE3 /* JobOrderView.swift in Sources */ = {isa = PBXBuildFile; fileRef = 7F3D92DD25D4C822002D3BE3 /* JobOrderView.swift */; };
		7F3D92EA25D4CAEA002D3BE3 /* BaseViewController.swift in Sources */ = {isa = PBXBuildFile; fileRef = 7F3D92E925D4CAEA002D3BE3 /* BaseViewController.swift */; };
		7F3D92F225D4CC0C002D3BE3 /* LoginViewController.swift in Sources */ = {isa = PBXBuildFile; fileRef = 7F3D92F025D4CC0C002D3BE3 /* LoginViewController.swift */; };
		7F3D92F325D4CC0C002D3BE3 /* LoginView.xib in Resources */ = {isa = PBXBuildFile; fileRef = 7F3D92F125D4CC0C002D3BE3 /* LoginView.xib */; };
		7F3D92F725D4CC21002D3BE3 /* LoginViewPresenter.swift in Sources */ = {isa = PBXBuildFile; fileRef = 7F3D92F625D4CC21002D3BE3 /* LoginViewPresenter.swift */; };
		7F3D92FB25D4CC2A002D3BE3 /* LoginView.swift in Sources */ = {isa = PBXBuildFile; fileRef = 7F3D92FA25D4CC2A002D3BE3 /* LoginView.swift */; };
		7F3D930025D4CC71002D3BE3 /* BaseView.swift in Sources */ = {isa = PBXBuildFile; fileRef = 7F3D92FF25D4CC71002D3BE3 /* BaseView.swift */; };
		7F3D930325D4CC83002D3BE3 /* BasePresenterView.swift in Sources */ = {isa = PBXBuildFile; fileRef = 7F3D930225D4CC83002D3BE3 /* BasePresenterView.swift */; };
		7F3D930625D4D182002D3BE3 /* Auth.storyboard in Resources */ = {isa = PBXBuildFile; fileRef = 7F3D930525D4D182002D3BE3 /* Auth.storyboard */; };
/* End PBXBuildFile section */

/* Begin PBXFileReference section */
		61CC8E40A9543BA917D3F327 /* Pods-JobOrderApp.release.xcconfig */ = {isa = PBXFileReference; includeInIndex = 1; lastKnownFileType = text.xcconfig; name = "Pods-JobOrderApp.release.xcconfig"; path = "Target Support Files/Pods-JobOrderApp/Pods-JobOrderApp.release.xcconfig"; sourceTree = "<group>"; };
		7F3D92B625D4C6C0002D3BE3 /* JobOrderApp.app */ = {isa = PBXFileReference; explicitFileType = wrapper.application; includeInIndex = 0; path = JobOrderApp.app; sourceTree = BUILT_PRODUCTS_DIR; };
		7F3D92B925D4C6C0002D3BE3 /* AppDelegate.swift */ = {isa = PBXFileReference; lastKnownFileType = sourcecode.swift; path = AppDelegate.swift; sourceTree = "<group>"; };
		7F3D92BB25D4C6C0002D3BE3 /* SceneDelegate.swift */ = {isa = PBXFileReference; lastKnownFileType = sourcecode.swift; path = SceneDelegate.swift; sourceTree = "<group>"; };
		7F3D92C025D4C6C0002D3BE3 /* Base */ = {isa = PBXFileReference; lastKnownFileType = file.storyboard; name = Base; path = Base.lproj/JobOrder.storyboard; sourceTree = "<group>"; };
		7F3D92C225D4C6C2002D3BE3 /* Assets.xcassets */ = {isa = PBXFileReference; lastKnownFileType = folder.assetcatalog; path = Assets.xcassets; sourceTree = "<group>"; };
		7F3D92C525D4C6C2002D3BE3 /* Base */ = {isa = PBXFileReference; lastKnownFileType = file.storyboard; name = Base; path = Base.lproj/LaunchScreen.storyboard; sourceTree = "<group>"; };
		7F3D92C725D4C6C2002D3BE3 /* Info.plist */ = {isa = PBXFileReference; lastKnownFileType = text.plist.xml; path = Info.plist; sourceTree = "<group>"; };
		7F3D92D425D4C7DC002D3BE3 /* JobOrderViewController.swift */ = {isa = PBXFileReference; lastKnownFileType = sourcecode.swift; path = JobOrderViewController.swift; sourceTree = "<group>"; };
		7F3D92D525D4C7DC002D3BE3 /* JobOrderView.xib */ = {isa = PBXFileReference; lastKnownFileType = file.xib; path = JobOrderView.xib; sourceTree = "<group>"; };
		7F3D92DA25D4C816002D3BE3 /* JobOrderPresenter.swift */ = {isa = PBXFileReference; lastKnownFileType = sourcecode.swift; path = JobOrderPresenter.swift; sourceTree = "<group>"; };
		7F3D92DD25D4C822002D3BE3 /* JobOrderView.swift */ = {isa = PBXFileReference; lastKnownFileType = sourcecode.swift; path = JobOrderView.swift; sourceTree = "<group>"; };
		7F3D92E925D4CAEA002D3BE3 /* BaseViewController.swift */ = {isa = PBXFileReference; lastKnownFileType = sourcecode.swift; path = BaseViewController.swift; sourceTree = "<group>"; };
		7F3D92F025D4CC0C002D3BE3 /* LoginViewController.swift */ = {isa = PBXFileReference; lastKnownFileType = sourcecode.swift; path = LoginViewController.swift; sourceTree = "<group>"; };
		7F3D92F125D4CC0C002D3BE3 /* LoginView.xib */ = {isa = PBXFileReference; lastKnownFileType = file.xib; path = LoginView.xib; sourceTree = "<group>"; };
		7F3D92F625D4CC21002D3BE3 /* LoginViewPresenter.swift */ = {isa = PBXFileReference; lastKnownFileType = sourcecode.swift; path = LoginViewPresenter.swift; sourceTree = "<group>"; };
		7F3D92FA25D4CC2A002D3BE3 /* LoginView.swift */ = {isa = PBXFileReference; lastKnownFileType = sourcecode.swift; path = LoginView.swift; sourceTree = "<group>"; };
		7F3D92FF25D4CC71002D3BE3 /* BaseView.swift */ = {isa = PBXFileReference; lastKnownFileType = sourcecode.swift; path = BaseView.swift; sourceTree = "<group>"; };
		7F3D930225D4CC83002D3BE3 /* BasePresenterView.swift */ = {isa = PBXFileReference; lastKnownFileType = sourcecode.swift; path = BasePresenterView.swift; sourceTree = "<group>"; };
		7F3D930525D4D182002D3BE3 /* Auth.storyboard */ = {isa = PBXFileReference; lastKnownFileType = file.storyboard; path = Auth.storyboard; sourceTree = "<group>"; };
		8CE8019D3B7A1E2C14528A56 /* Pods_JobOrderApp.framework */ = {isa = PBXFileReference; explicitFileType = wrapper.framework; includeInIndex = 0; path = Pods_JobOrderApp.framework; sourceTree = BUILT_PRODUCTS_DIR; };
		F271A1700437292050679D07 /* Pods-JobOrderApp.debug.xcconfig */ = {isa = PBXFileReference; includeInIndex = 1; lastKnownFileType = text.xcconfig; name = "Pods-JobOrderApp.debug.xcconfig"; path = "Target Support Files/Pods-JobOrderApp/Pods-JobOrderApp.debug.xcconfig"; sourceTree = "<group>"; };
/* End PBXFileReference section */

/* Begin PBXFrameworksBuildPhase section */
		7F3D92B325D4C6C0002D3BE3 /* Frameworks */ = {
			isa = PBXFrameworksBuildPhase;
			buildActionMask = 2147483647;
			files = (
				598B5DBC0A0C6D6C21A8AC01 /* Pods_JobOrderApp.framework in Frameworks */,
			);
			runOnlyForDeploymentPostprocessing = 0;
		};
/* End PBXFrameworksBuildPhase section */

/* Begin PBXGroup section */
		1C31F5D7B0F9DECEB8E77BB7 /* Frameworks */ = {
			isa = PBXGroup;
			children = (
				8CE8019D3B7A1E2C14528A56 /* Pods_JobOrderApp.framework */,
			);
			name = Frameworks;
			sourceTree = "<group>";
		};
		7F3D92AD25D4C6C0002D3BE3 = {
			isa = PBXGroup;
			children = (
				7F3D92B825D4C6C0002D3BE3 /* JobOrderApp */,
				7F3D92B725D4C6C0002D3BE3 /* Products */,
				D0E8FA06B8D74B9B2A291F78 /* Pods */,
				1C31F5D7B0F9DECEB8E77BB7 /* Frameworks */,
			);
			sourceTree = "<group>";
		};
		7F3D92B725D4C6C0002D3BE3 /* Products */ = {
			isa = PBXGroup;
			children = (
				7F3D92B625D4C6C0002D3BE3 /* JobOrderApp.app */,
			);
			name = Products;
			sourceTree = "<group>";
		};
		7F3D92B825D4C6C0002D3BE3 /* JobOrderApp */ = {
			isa = PBXGroup;
			children = (
				7F3D92E825D4CADB002D3BE3 /* Base */,
				7F3D92D125D4C6F1002D3BE3 /* App */,
				7F3D92D025D4C6DB002D3BE3 /* Models */,
				7F3D92CF25D4C6D1002D3BE3 /* ViewControllers */,
				7F3D92CE25D4C6C9002D3BE3 /* Services */,
				7F3D92D325D4C74A002D3BE3 /* Storyboard */,
				7F3D92D225D4C71A002D3BE3 /* SupportingFiles */,
			);
			path = JobOrderApp;
			sourceTree = "<group>";
		};
		7F3D92CE25D4C6C9002D3BE3 /* Services */ = {
			isa = PBXGroup;
			children = (
			);
			path = Services;
			sourceTree = "<group>";
		};
		7F3D92CF25D4C6D1002D3BE3 /* ViewControllers */ = {
			isa = PBXGroup;
			children = (
				7F3D92EF25D4CBFC002D3BE3 /* Auth */,
				7F3D92ED25D4CBD8002D3BE3 /* JobOrder */,
			);
			path = ViewControllers;
			sourceTree = "<group>";
		};
		7F3D92D025D4C6DB002D3BE3 /* Models */ = {
			isa = PBXGroup;
			children = (
			);
			path = Models;
			sourceTree = "<group>";
		};
		7F3D92D125D4C6F1002D3BE3 /* App */ = {
			isa = PBXGroup;
			children = (
				7F3D92B925D4C6C0002D3BE3 /* AppDelegate.swift */,
				7F3D92BB25D4C6C0002D3BE3 /* SceneDelegate.swift */,
			);
			path = App;
			sourceTree = "<group>";
		};
		7F3D92D225D4C71A002D3BE3 /* SupportingFiles */ = {
			isa = PBXGroup;
			children = (
				7F3D92C225D4C6C2002D3BE3 /* Assets.xcassets */,
				7F3D92C725D4C6C2002D3BE3 /* Info.plist */,
				7F3D92C425D4C6C2002D3BE3 /* LaunchScreen.storyboard */,
			);
			path = SupportingFiles;
			sourceTree = "<group>";
		};
		7F3D92D325D4C74A002D3BE3 /* Storyboard */ = {
			isa = PBXGroup;
			children = (
				7F3D92BF25D4C6C0002D3BE3 /* JobOrder.storyboard */,
				7F3D930525D4D182002D3BE3 /* Auth.storyboard */,
			);
			path = Storyboard;
			sourceTree = "<group>";
		};
		7F3D92E825D4CADB002D3BE3 /* Base */ = {
			isa = PBXGroup;
			children = (
				7F3D92E925D4CAEA002D3BE3 /* BaseViewController.swift */,
				7F3D92FF25D4CC71002D3BE3 /* BaseView.swift */,
				7F3D930225D4CC83002D3BE3 /* BasePresenterView.swift */,
			);
			path = Base;
			sourceTree = "<group>";
		};
		7F3D92ED25D4CBD8002D3BE3 /* JobOrder */ = {
			isa = PBXGroup;
			children = (
				7F3D92D425D4C7DC002D3BE3 /* JobOrderViewController.swift */,
				7F3D92DA25D4C816002D3BE3 /* JobOrderPresenter.swift */,
				7F3D92DD25D4C822002D3BE3 /* JobOrderView.swift */,
				7F3D92D525D4C7DC002D3BE3 /* JobOrderView.xib */,
			);
			path = JobOrder;
			sourceTree = "<group>";
		};
		7F3D92EF25D4CBFC002D3BE3 /* Auth */ = {
			isa = PBXGroup;
			children = (
				7F3D92F025D4CC0C002D3BE3 /* LoginViewController.swift */,
				7F3D92F625D4CC21002D3BE3 /* LoginViewPresenter.swift */,
				7F3D92FA25D4CC2A002D3BE3 /* LoginView.swift */,
				7F3D92F125D4CC0C002D3BE3 /* LoginView.xib */,
			);
			path = Auth;
			sourceTree = "<group>";
		};
		D0E8FA06B8D74B9B2A291F78 /* Pods */ = {
			isa = PBXGroup;
			children = (
				F271A1700437292050679D07 /* Pods-JobOrderApp.debug.xcconfig */,
				61CC8E40A9543BA917D3F327 /* Pods-JobOrderApp.release.xcconfig */,
			);
			path = Pods;
			sourceTree = "<group>";
		};
/* End PBXGroup section */

/* Begin PBXNativeTarget section */
		7F3D92B525D4C6C0002D3BE3 /* JobOrderApp */ = {
			isa = PBXNativeTarget;
			buildConfigurationList = 7F3D92CA25D4C6C2002D3BE3 /* Build configuration list for PBXNativeTarget "JobOrderApp" */;
			buildPhases = (
				EA5E2052DB51777895AD0685 /* [CP] Check Pods Manifest.lock */,
				7F3D92B225D4C6C0002D3BE3 /* Sources */,
				7F3D92B325D4C6C0002D3BE3 /* Frameworks */,
				7F3D92B425D4C6C0002D3BE3 /* Resources */,
				86B52F72A058C5693BE8F413 /* [CP] Embed Pods Frameworks */,
			);
			buildRules = (
			);
			dependencies = (
			);
			name = JobOrderApp;
			productName = JobOrderApp;
			productReference = 7F3D92B625D4C6C0002D3BE3 /* JobOrderApp.app */;
			productType = "com.apple.product-type.application";
		};
/* End PBXNativeTarget section */

/* Begin PBXProject section */
		7F3D92AE25D4C6C0002D3BE3 /* Project object */ = {
			isa = PBXProject;
			attributes = {
				LastSwiftUpdateCheck = 1230;
				LastUpgradeCheck = 1230;
				TargetAttributes = {
					7F3D92B525D4C6C0002D3BE3 = {
						CreatedOnToolsVersion = 12.3;
					};
				};
			};
			buildConfigurationList = 7F3D92B125D4C6C0002D3BE3 /* Build configuration list for PBXProject "JobOrderApp" */;
			compatibilityVersion = "Xcode 9.3";
			developmentRegion = en;
			hasScannedForEncodings = 0;
			knownRegions = (
				en,
				Base,
			);
			mainGroup = 7F3D92AD25D4C6C0002D3BE3;
			productRefGroup = 7F3D92B725D4C6C0002D3BE3 /* Products */;
			projectDirPath = "";
			projectRoot = "";
			targets = (
				7F3D92B525D4C6C0002D3BE3 /* JobOrderApp */,
			);
		};
/* End PBXProject section */

/* Begin PBXResourcesBuildPhase section */
		7F3D92B425D4C6C0002D3BE3 /* Resources */ = {
			isa = PBXResourcesBuildPhase;
			buildActionMask = 2147483647;
			files = (
				7F3D930625D4D182002D3BE3 /* Auth.storyboard in Resources */,
				7F3D92F325D4CC0C002D3BE3 /* LoginView.xib in Resources */,
				7F3D92C625D4C6C2002D3BE3 /* LaunchScreen.storyboard in Resources */,
				7F3D92D725D4C7DC002D3BE3 /* JobOrderView.xib in Resources */,
				7F3D92C325D4C6C2002D3BE3 /* Assets.xcassets in Resources */,
				7F3D92C125D4C6C0002D3BE3 /* JobOrder.storyboard in Resources */,
			);
			runOnlyForDeploymentPostprocessing = 0;
		};
/* End PBXResourcesBuildPhase section */

/* Begin PBXShellScriptBuildPhase section */
		86B52F72A058C5693BE8F413 /* [CP] Embed Pods Frameworks */ = {
			isa = PBXShellScriptBuildPhase;
			buildActionMask = 2147483647;
			files = (
			);
			inputFileListPaths = (
				"${PODS_ROOT}/Target Support Files/Pods-JobOrderApp/Pods-JobOrderApp-frameworks-${CONFIGURATION}-input-files.xcfilelist",
			);
			name = "[CP] Embed Pods Frameworks";
			outputFileListPaths = (
				"${PODS_ROOT}/Target Support Files/Pods-JobOrderApp/Pods-JobOrderApp-frameworks-${CONFIGURATION}-output-files.xcfilelist",
			);
			runOnlyForDeploymentPostprocessing = 0;
			shellPath = /bin/sh;
			shellScript = "\"${PODS_ROOT}/Target Support Files/Pods-JobOrderApp/Pods-JobOrderApp-frameworks.sh\"\n";
			showEnvVarsInLog = 0;
		};
		EA5E2052DB51777895AD0685 /* [CP] Check Pods Manifest.lock */ = {
			isa = PBXShellScriptBuildPhase;
			buildActionMask = 2147483647;
			files = (
			);
			inputFileListPaths = (
			);
			inputPaths = (
				"${PODS_PODFILE_DIR_PATH}/Podfile.lock",
				"${PODS_ROOT}/Manifest.lock",
			);
			name = "[CP] Check Pods Manifest.lock";
			outputFileListPaths = (
			);
			outputPaths = (
				"$(DERIVED_FILE_DIR)/Pods-JobOrderApp-checkManifestLockResult.txt",
			);
			runOnlyForDeploymentPostprocessing = 0;
			shellPath = /bin/sh;
			shellScript = "diff \"${PODS_PODFILE_DIR_PATH}/Podfile.lock\" \"${PODS_ROOT}/Manifest.lock\" > /dev/null\nif [ $? != 0 ] ; then\n    # print error to STDERR\n    echo \"error: The sandbox is not in sync with the Podfile.lock. Run 'pod install' or update your CocoaPods installation.\" >&2\n    exit 1\nfi\n# This output is used by Xcode 'outputs' to avoid re-running this script phase.\necho \"SUCCESS\" > \"${SCRIPT_OUTPUT_FILE_0}\"\n";
			showEnvVarsInLog = 0;
		};
/* End PBXShellScriptBuildPhase section */

/* Begin PBXSourcesBuildPhase section */
		7F3D92B225D4C6C0002D3BE3 /* Sources */ = {
			isa = PBXSourcesBuildPhase;
			buildActionMask = 2147483647;
			files = (
				7F3D92F225D4CC0C002D3BE3 /* LoginViewController.swift in Sources */,
				7F3D92DE25D4C822002D3BE3 /* JobOrderView.swift in Sources */,
				7F3D92D625D4C7DC002D3BE3 /* JobOrderViewController.swift in Sources */,
				7F3D92FB25D4CC2A002D3BE3 /* LoginView.swift in Sources */,
				7F3D92DB25D4C816002D3BE3 /* JobOrderPresenter.swift in Sources */,
				7F3D92BA25D4C6C0002D3BE3 /* AppDelegate.swift in Sources */,
				7F3D92BC25D4C6C0002D3BE3 /* SceneDelegate.swift in Sources */,
				7F3D930025D4CC71002D3BE3 /* BaseView.swift in Sources */,
				7F3D92EA25D4CAEA002D3BE3 /* BaseViewController.swift in Sources */,
				7F3D92F725D4CC21002D3BE3 /* LoginViewPresenter.swift in Sources */,
				7F3D930325D4CC83002D3BE3 /* BasePresenterView.swift in Sources */,
			);
			runOnlyForDeploymentPostprocessing = 0;
		};
/* End PBXSourcesBuildPhase section */

/* Begin PBXVariantGroup section */
		7F3D92BF25D4C6C0002D3BE3 /* JobOrder.storyboard */ = {
			isa = PBXVariantGroup;
			children = (
				7F3D92C025D4C6C0002D3BE3 /* Base */,
			);
			name = JobOrder.storyboard;
			sourceTree = "<group>";
		};
		7F3D92C425D4C6C2002D3BE3 /* LaunchScreen.storyboard */ = {
			isa = PBXVariantGroup;
			children = (
				7F3D92C525D4C6C2002D3BE3 /* Base */,
			);
			name = LaunchScreen.storyboard;
			sourceTree = "<group>";
		};
/* End PBXVariantGroup section */

/* Begin XCBuildConfiguration section */
		7F3D92C825D4C6C2002D3BE3 /* Debug */ = {
			isa = XCBuildConfiguration;
			buildSettings = {
				ALWAYS_SEARCH_USER_PATHS = NO;
				CLANG_ANALYZER_NONNULL = YES;
				CLANG_ANALYZER_NUMBER_OBJECT_CONVERSION = YES_AGGRESSIVE;
				CLANG_CXX_LANGUAGE_STANDARD = "gnu++14";
				CLANG_CXX_LIBRARY = "libc++";
				CLANG_ENABLE_MODULES = YES;
				CLANG_ENABLE_OBJC_ARC = YES;
				CLANG_ENABLE_OBJC_WEAK = YES;
				CLANG_WARN_BLOCK_CAPTURE_AUTORELEASING = YES;
				CLANG_WARN_BOOL_CONVERSION = YES;
				CLANG_WARN_COMMA = YES;
				CLANG_WARN_CONSTANT_CONVERSION = YES;
				CLANG_WARN_DEPRECATED_OBJC_IMPLEMENTATIONS = YES;
				CLANG_WARN_DIRECT_OBJC_ISA_USAGE = YES_ERROR;
				CLANG_WARN_DOCUMENTATION_COMMENTS = YES;
				CLANG_WARN_EMPTY_BODY = YES;
				CLANG_WARN_ENUM_CONVERSION = YES;
				CLANG_WARN_INFINITE_RECURSION = YES;
				CLANG_WARN_INT_CONVERSION = YES;
				CLANG_WARN_NON_LITERAL_NULL_CONVERSION = YES;
				CLANG_WARN_OBJC_IMPLICIT_RETAIN_SELF = YES;
				CLANG_WARN_OBJC_LITERAL_CONVERSION = YES;
				CLANG_WARN_OBJC_ROOT_CLASS = YES_ERROR;
				CLANG_WARN_QUOTED_INCLUDE_IN_FRAMEWORK_HEADER = YES;
				CLANG_WARN_RANGE_LOOP_ANALYSIS = YES;
				CLANG_WARN_STRICT_PROTOTYPES = YES;
				CLANG_WARN_SUSPICIOUS_MOVE = YES;
				CLANG_WARN_UNGUARDED_AVAILABILITY = YES_AGGRESSIVE;
				CLANG_WARN_UNREACHABLE_CODE = YES;
				CLANG_WARN__DUPLICATE_METHOD_MATCH = YES;
				COPY_PHASE_STRIP = NO;
				DEBUG_INFORMATION_FORMAT = dwarf;
				ENABLE_STRICT_OBJC_MSGSEND = YES;
				ENABLE_TESTABILITY = YES;
				GCC_C_LANGUAGE_STANDARD = gnu11;
				GCC_DYNAMIC_NO_PIC = NO;
				GCC_NO_COMMON_BLOCKS = YES;
				GCC_OPTIMIZATION_LEVEL = 0;
				GCC_PREPROCESSOR_DEFINITIONS = (
					"DEBUG=1",
					"$(inherited)",
				);
				GCC_WARN_64_TO_32_BIT_CONVERSION = YES;
				GCC_WARN_ABOUT_RETURN_TYPE = YES_ERROR;
				GCC_WARN_UNDECLARED_SELECTOR = YES;
				GCC_WARN_UNINITIALIZED_AUTOS = YES_AGGRESSIVE;
				GCC_WARN_UNUSED_FUNCTION = YES;
				GCC_WARN_UNUSED_VARIABLE = YES;
				IPHONEOS_DEPLOYMENT_TARGET = 14.3;
				MTL_ENABLE_DEBUG_INFO = INCLUDE_SOURCE;
				MTL_FAST_MATH = YES;
				ONLY_ACTIVE_ARCH = YES;
				SDKROOT = iphoneos;
				SWIFT_ACTIVE_COMPILATION_CONDITIONS = DEBUG;
				SWIFT_OPTIMIZATION_LEVEL = "-Onone";
			};
			name = Debug;
		};
		7F3D92C925D4C6C2002D3BE3 /* Release */ = {
			isa = XCBuildConfiguration;
			buildSettings = {
				ALWAYS_SEARCH_USER_PATHS = NO;
				CLANG_ANALYZER_NONNULL = YES;
				CLANG_ANALYZER_NUMBER_OBJECT_CONVERSION = YES_AGGRESSIVE;
				CLANG_CXX_LANGUAGE_STANDARD = "gnu++14";
				CLANG_CXX_LIBRARY = "libc++";
				CLANG_ENABLE_MODULES = YES;
				CLANG_ENABLE_OBJC_ARC = YES;
				CLANG_ENABLE_OBJC_WEAK = YES;
				CLANG_WARN_BLOCK_CAPTURE_AUTORELEASING = YES;
				CLANG_WARN_BOOL_CONVERSION = YES;
				CLANG_WARN_COMMA = YES;
				CLANG_WARN_CONSTANT_CONVERSION = YES;
				CLANG_WARN_DEPRECATED_OBJC_IMPLEMENTATIONS = YES;
				CLANG_WARN_DIRECT_OBJC_ISA_USAGE = YES_ERROR;
				CLANG_WARN_DOCUMENTATION_COMMENTS = YES;
				CLANG_WARN_EMPTY_BODY = YES;
				CLANG_WARN_ENUM_CONVERSION = YES;
				CLANG_WARN_INFINITE_RECURSION = YES;
				CLANG_WARN_INT_CONVERSION = YES;
				CLANG_WARN_NON_LITERAL_NULL_CONVERSION = YES;
				CLANG_WARN_OBJC_IMPLICIT_RETAIN_SELF = YES;
				CLANG_WARN_OBJC_LITERAL_CONVERSION = YES;
				CLANG_WARN_OBJC_ROOT_CLASS = YES_ERROR;
				CLANG_WARN_QUOTED_INCLUDE_IN_FRAMEWORK_HEADER = YES;
				CLANG_WARN_RANGE_LOOP_ANALYSIS = YES;
				CLANG_WARN_STRICT_PROTOTYPES = YES;
				CLANG_WARN_SUSPICIOUS_MOVE = YES;
				CLANG_WARN_UNGUARDED_AVAILABILITY = YES_AGGRESSIVE;
				CLANG_WARN_UNREACHABLE_CODE = YES;
				CLANG_WARN__DUPLICATE_METHOD_MATCH = YES;
				COPY_PHASE_STRIP = NO;
				DEBUG_INFORMATION_FORMAT = "dwarf-with-dsym";
				ENABLE_NS_ASSERTIONS = NO;
				ENABLE_STRICT_OBJC_MSGSEND = YES;
				GCC_C_LANGUAGE_STANDARD = gnu11;
				GCC_NO_COMMON_BLOCKS = YES;
				GCC_WARN_64_TO_32_BIT_CONVERSION = YES;
				GCC_WARN_ABOUT_RETURN_TYPE = YES_ERROR;
				GCC_WARN_UNDECLARED_SELECTOR = YES;
				GCC_WARN_UNINITIALIZED_AUTOS = YES_AGGRESSIVE;
				GCC_WARN_UNUSED_FUNCTION = YES;
				GCC_WARN_UNUSED_VARIABLE = YES;
				IPHONEOS_DEPLOYMENT_TARGET = 14.3;
				MTL_ENABLE_DEBUG_INFO = NO;
				MTL_FAST_MATH = YES;
				SDKROOT = iphoneos;
				SWIFT_COMPILATION_MODE = wholemodule;
				SWIFT_OPTIMIZATION_LEVEL = "-O";
				VALIDATE_PRODUCT = YES;
			};
			name = Release;
		};
		7F3D92CB25D4C6C2002D3BE3 /* Debug */ = {
			isa = XCBuildConfiguration;
			baseConfigurationReference = F271A1700437292050679D07 /* Pods-JobOrderApp.debug.xcconfig */;
			buildSettings = {
				ASSETCATALOG_COMPILER_APPICON_NAME = AppIcon;
				ASSETCATALOG_COMPILER_GLOBAL_ACCENT_COLOR_NAME = AccentColor;
				CODE_SIGN_STYLE = Automatic;
				DEVELOPMENT_TEAM = YRWDL64LRS;
				INFOPLIST_FILE = JobOrderApp/SupportingFiles/Info.plist;
				LD_RUNPATH_SEARCH_PATHS = (
					"$(inherited)",
					"@executable_path/Frameworks",
				);
				PRODUCT_BUNDLE_IDENTIFIER = com.mariano.abigail.JobOrderApp;
				PRODUCT_NAME = "$(TARGET_NAME)";
				SWIFT_VERSION = 5.0;
				TARGETED_DEVICE_FAMILY = "1,2";
			};
			name = Debug;
		};
		7F3D92CC25D4C6C2002D3BE3 /* Release */ = {
			isa = XCBuildConfiguration;
			baseConfigurationReference = 61CC8E40A9543BA917D3F327 /* Pods-JobOrderApp.release.xcconfig */;
			buildSettings = {
				ASSETCATALOG_COMPILER_APPICON_NAME = AppIcon;
				ASSETCATALOG_COMPILER_GLOBAL_ACCENT_COLOR_NAME = AccentColor;
				CODE_SIGN_STYLE = Automatic;
				DEVELOPMENT_TEAM = YRWDL64LRS;
				INFOPLIST_FILE = JobOrderApp/SupportingFiles/Info.plist;
				LD_RUNPATH_SEARCH_PATHS = (
					"$(inherited)",
					"@executable_path/Frameworks",
				);
				PRODUCT_BUNDLE_IDENTIFIER = com.mariano.abigail.JobOrderApp;
				PRODUCT_NAME = "$(TARGET_NAME)";
				SWIFT_VERSION = 5.0;
				TARGETED_DEVICE_FAMILY = "1,2";
			};
			name = Release;
		};
/* End XCBuildConfiguration section */

/* Begin XCConfigurationList section */
		7F3D92B125D4C6C0002D3BE3 /* Build configuration list for PBXProject "JobOrderApp" */ = {
			isa = XCConfigurationList;
			buildConfigurations = (
				7F3D92C825D4C6C2002D3BE3 /* Debug */,
				7F3D92C925D4C6C2002D3BE3 /* Release */,
			);
			defaultConfigurationIsVisible = 0;
			defaultConfigurationName = Release;
		};
		7F3D92CA25D4C6C2002D3BE3 /* Build configuration list for PBXNativeTarget "JobOrderApp" */ = {
			isa = XCConfigurationList;
			buildConfigurations = (
				7F3D92CB25D4C6C2002D3BE3 /* Debug */,
				7F3D92CC25D4C6C2002D3BE3 /* Release */,
			);
			defaultConfigurationIsVisible = 0;
			defaultConfigurationName = Release;
		};
/* End XCConfigurationList section */
	};
	rootObject = 7F3D92AE25D4C6C0002D3BE3 /* Project object */;
}
